
Microsoft Visual Studio Solution File, Format Version 12.00
# Visual Studio 14
VisualStudioVersion = 14.0.25420.1
MinimumVisualStudioVersion = 10.0.40219.1
Project("{FAE04EC0-301F-11D3-BF4B-00C04F79EFBC}") = "SplitPDF", "SplitPDF\SplitPDF.csproj", "{07B5379D-EFBA-4CC0-A6CB-A8B32733F2D9}"
EndProject
Project("{FAE04EC0-301F-11D3-BF4B-00C04F79EFBC}") = "SplitPDFTests", "SplitPDFTests\SplitPDFTests.csproj", "{7A230BC6-ECC7-4C3A-8F4E-C315395FB51F}"
EndProject
Project("{FAE04EC0-301F-11D3-BF4B-00C04F79EFBC}") = "SplitPDFUI", "SplitPDFUI\SplitPDFUI.csproj", "{4A384E8C-4764-4E47-975C-A829B9C81DE0}"
EndProject
Global
	GlobalSection(SolutionConfigurationPlatforms) = preSolution
		Debug|Any CPU = Debug|Any CPU
		Release|Any CPU = Release|Any CPU
	EndGlobalSection
	GlobalSection(ProjectConfigurationPlatforms) = postSolution
		{07B5379D-EFBA-4CC0-A6CB-A8B32733F2D9}.Debug|Any CPU.ActiveCfg = Debug|Any CPU
		{07B5379D-EFBA-4CC0-A6CB-A8B32733F2D9}.Debug|Any CPU.Build.0 = Debug|Any CPU
		{07B5379D-EFBA-4CC0-A6CB-A8B32733F2D9}.Release|Any CPU.ActiveCfg = Release|Any CPU
		{07B5379D-EFBA-4CC0-A6CB-A8B32733F2D9}.Release|Any CPU.Build.0 = Release|Any CPU
		{7A230BC6-ECC7-4C3A-8F4E-C315395FB51F}.Debug|Any CPU.ActiveCfg = Debug|Any CPU
		{7A230BC6-ECC7-4C3A-8F4E-C315395FB51F}.Debug|Any CPU.Build.0 = Debug|Any CPU
		{7A230BC6-ECC7-4C3A-8F4E-C315395FB51F}.Release|Any CPU.ActiveCfg = Release|Any CPU
		{7A230BC6-ECC7-4C3A-8F4E-C315395FB51F}.Release|Any CPU.Build.0 = Release|Any CPU
		{4A384E8C-4764-4E47-975C-A829B9C81DE0}.Debug|Any CPU.ActiveCfg = Debug|Any CPU
		{4A384E8C-4764-4E47-975C-A829B9C81DE0}.Debug|Any CPU.Build.0 = Debug|Any CPU
		{4A384E8C-4764-4E47-975C-A829B9C81DE0}.Release|Any CPU.ActiveCfg = Release|Any CPU
		{4A384E8C-4764-4E47-975C-A829B9C81DE0}.Release|Any CPU.Build.0 = Release|Any CPU
	EndGlobalSection
	GlobalSection(SolutionProperties) = preSolution
		HideSolutionNode = FALSE
	EndGlobalSection
EndGlobal
